
Microsoft Visual Studio Solution File, Format Version 12.00
# Visual Studio 14
VisualStudioVersion = 14.0.25420.1
MinimumVisualStudioVersion = 10.0.40219.1
Project("{2150E333-8FDC-42A3-9474-1A3956D46DE8}") = "src", "src", "{BDA79588-D6A7-4DF0-998D-EFC805845B85}"
EndProject
Project("{2150E333-8FDC-42A3-9474-1A3956D46DE8}") = "Solution Items", "Solution Items", "{955BE954-0502-41AC-8A43-A2B9D5104293}"
	ProjectSection(SolutionItems) = preProject
		global.json = global.json
	EndProjectSection
EndProject
Project("{8BB2217D-0F2D-49D1-97BC-3654ED321F3B}") = "HotDogsWeb", "src\HotDogsWeb\HotDogsWeb.xproj", "{C9ADB885-C6C9-4687-849B-5A09948F5E3F}"
EndProject
Global
	GlobalSection(SolutionConfigurationPlatforms) = preSolution
		Debug|Any CPU = Debug|Any CPU
		Release|Any CPU = Release|Any CPU
	EndGlobalSection
	GlobalSection(ProjectConfigurationPlatforms) = postSolution
		{C9ADB885-C6C9-4687-849B-5A09948F5E3F}.Debug|Any CPU.ActiveCfg = Debug|Any CPU
		{C9ADB885-C6C9-4687-849B-5A09948F5E3F}.Debug|Any CPU.Build.0 = Debug|Any CPU
		{C9ADB885-C6C9-4687-849B-5A09948F5E3F}.Release|Any CPU.ActiveCfg = Release|Any CPU
		{C9ADB885-C6C9-4687-849B-5A09948F5E3F}.Release|Any CPU.Build.0 = Release|Any CPU
	EndGlobalSection
	GlobalSection(SolutionProperties) = preSolution
		HideSolutionNode = FALSE
	EndGlobalSection
	GlobalSection(NestedProjects) = preSolution
		{C9ADB885-C6C9-4687-849B-5A09948F5E3F} = {BDA79588-D6A7-4DF0-998D-EFC805845B85}
	EndGlobalSection
EndGlobal
